
Microsoft Visual Studio Solution File, Format Version 12.00
# Visual Studio 15
VisualStudioVersion = 15.0.28307.329
MinimumVisualStudioVersion = 10.0.40219.1
Project("{8BC9CEB8-8B4A-11D0-8D11-00A0C91BC942}") = "zinx", "zinx.vcxproj", "{73FDB017-F57F-4490-89BD-9A24BF03A763}"
EndProject
Global
	GlobalSection(SolutionConfigurationPlatforms) = preSolution
		Debug|ARM = Debug|ARM
		Debug|ARM64 = Debug|ARM64
		Debug|x64 = Debug|x64
		Debug|x86 = Debug|x86
		Release|ARM = Release|ARM
		Release|ARM64 = Release|ARM64
		Release|x64 = Release|x64
		Release|x86 = Release|x86
	EndGlobalSection
	GlobalSection(ProjectConfigurationPlatforms) = postSolution
		{73FDB017-F57F-4490-89BD-9A24BF03A763}.Debug|ARM.ActiveCfg = Debug|ARM
		{73FDB017-F57F-4490-89BD-9A24BF03A763}.Debug|ARM.Build.0 = Debug|ARM
		{73FDB017-F57F-4490-89BD-9A24BF03A763}.Debug|ARM64.ActiveCfg = Debug|ARM64
		{73FDB017-F57F-4490-89BD-9A24BF03A763}.Debug|ARM64.Build.0 = Debug|ARM64
		{73FDB017-F57F-4490-89BD-9A24BF03A763}.Debug|x64.ActiveCfg = Debug|x64
		{73FDB017-F57F-4490-89BD-9A24BF03A763}.Debug|x64.Build.0 = Debug|x64
		{73FDB017-F57F-4490-89BD-9A24BF03A763}.Debug|x86.ActiveCfg = Debug|x86
		{73FDB017-F57F-4490-89BD-9A24BF03A763}.Debug|x86.Build.0 = Debug|x86
		{73FDB017-F57F-4490-89BD-9A24BF03A763}.Release|ARM.ActiveCfg = Release|ARM
		{73FDB017-F57F-4490-89BD-9A24BF03A763}.Release|ARM.Build.0 = Release|ARM
		{73FDB017-F57F-4490-89BD-9A24BF03A763}.Release|ARM64.ActiveCfg = Release|ARM64
		{73FDB017-F57F-4490-89BD-9A24BF03A763}.Release|ARM64.Build.0 = Release|ARM64
		{73FDB017-F57F-4490-89BD-9A24BF03A763}.Release|x64.ActiveCfg = Release|x64
		{73FDB017-F57F-4490-89BD-9A24BF03A763}.Release|x64.Build.0 = Release|x64
		{73FDB017-F57F-4490-89BD-9A24BF03A763}.Release|x86.ActiveCfg = Release|x86
		{73FDB017-F57F-4490-89BD-9A24BF03A763}.Release|x86.Build.0 = Release|x86
	EndGlobalSection
	GlobalSection(SolutionProperties) = preSolution
		HideSolutionNode = FALSE
	EndGlobalSection
	GlobalSection(ExtensibilityGlobals) = postSolution
		SolutionGuid = {6134BEAE-353B-4371-BA3B-F73065D3FC53}
	EndGlobalSection
EndGlobal
